PODS:
  - Alamofire (5.4.3)
  - LTXiOSUtils (0.0.3):
    - LTXiOSUtils/Component (= 0.0.3)
    - LTXiOSUtils/Core (= 0.0.3)
    - LTXiOSUtils/Network (= 0.0.3)
    - LTXiOSUtils/Util (= 0.0.3)
  - LTXiOSUtils/Component (0.0.3):
    - LTXiOSUtils/Component/Resources (= 0.0.3)
    - LTXiOSUtils/Core
  - LTXiOSUtils/Component/Resources (0.0.3):
    - LTXiOSUtils/Core
  - LTXiOSUtils/Core (0.0.3):
    - LTXiOSUtils/Core/CoreUtil (= 0.0.3)
    - LTXiOSUtils/Core/Extension (= 0.0.3)
  - LTXiOSUtils/Core/CoreUtil (0.0.3)
  - LTXiOSUtils/Core/Extension (0.0.3)
  - LTXiOSUtils/Network (0.0.3):
    - Alamofire (= 5.4.3)
    - LTXiOSUtils/Core
  - LTXiOSUtils/Util (0.0.3)
  - SwiftFormat/CLI (0.47.13)

DEPENDENCIES:
  - LTXiOSUtils (from `../`)
  - SwiftFormat/CLI (= 0.47.13)

SPEC REPOS:
  trunk:
    - Alamofire
    - SwiftFormat

EXTERNAL SOURCES:
  LTXiOSUtils:
    :path: "../"

SPEC CHECKSUMS:
  Alamofire: e447a2774a40c996748296fa2c55112fdbbc42f9
  LTXiOSUtils: 002df9c07b7c5e288f16b48b35b77700ecd51238
  SwiftFormat: 73573b89257437c550b03d934889725fbf8f75e5

PODFILE CHECKSUM: 46b6f6d11579fbaf1e1602c483c9022eef365624

COCOAPODS: 1.11.2
