PODS:
  - Alamofire (5.4.3)
  - LTXiOSUtils (0.0.3):
    - LTXiOSUtils/Component (= 0.0.3)
    - LTXiOSUtils/Extension (= 0.0.3)
    - LTXiOSUtils/Network (= 0.0.3)
    - LTXiOSUtils/PropertyWrapper (= 0.0.3)
    - LTXiOSUtils/Util (= 0.0.3)
  - LTXiOSUtils/Component (0.0.3):
    - LTXiOSUtils/Component/Resources (= 0.0.3)
  - LTXiOSUtils/Component/Resources (0.0.3)
  - LTXiOSUtils/Extension (0.0.3)
  - LTXiOSUtils/Network (0.0.3):
    - Alamofire (= 5.4.3)
  - LTXiOSUtils/PropertyWrapper (0.0.3)
  - LTXiOSUtils/Util (0.0.3):
    - LTXiOSUtils/Util/Log (= 0.0.3)
  - LTXiOSUtils/Util/Log (0.0.3)
  - SwiftFormat/CLI (0.47.13)

DEPENDENCIES:
  - LTXiOSUtils (from `../`)
  - SwiftFormat/CLI (= 0.47.13)

SPEC REPOS:
  trunk:
    - Alamofire
    - SwiftFormat

EXTERNAL SOURCES:
  LTXiOSUtils:
    :path: "../"

SPEC CHECKSUMS:
  Alamofire: e447a2774a40c996748296fa2c55112fdbbc42f9
  LTXiOSUtils: e68237d2f86e27da03fb6825327786879ba1c6cf
  SwiftFormat: 73573b89257437c550b03d934889725fbf8f75e5

PODFILE CHECKSUM: d8f4b40e42dc8a591dbe4680a5f200c57a40ae50

COCOAPODS: 1.11.2
