PODS:
  - Alamofire (4.9.1)
  - BRPickerView (2.4.5):
    - BRPickerView/AddressPickerView (= 2.4.5)
    - BRPickerView/Base (= 2.4.5)
    - BRPickerView/DatePickerView (= 2.4.5)
    - BRPickerView/StringPickerView (= 2.4.5)
  - BRPickerView/AddressPickerView (2.4.5):
    - BRPickerView/Base
  - BRPickerView/Base (2.4.5)
  - BRPickerView/DatePickerView (2.4.5):
    - BRPickerView/Base
  - BRPickerView/StringPickerView (2.4.5):
    - BRPickerView/Base
  - IQKeyboardManagerSwift (6.5.4)
  - Kingfisher (5.12.0):
    - Kingfisher/Core (= 5.12.0)
  - Kingfisher/Core (5.12.0)
  - LTXiOSUtils (1.0.0.1):
    - LTXiOSUtils/Constants (= 1.0.0.1)
    - LTXiOSUtils/Tools (= 1.0.0.1)
    - LTXiOSUtils/ViewControllers (= 1.0.0.1)
    - LTXiOSUtils/Views (= 1.0.0.1)
  - LTXiOSUtils/Constants (1.0.0.1)
  - LTXiOSUtils/Tools (1.0.0.1):
    - LTXiOSUtils/Tools/Extensions (= 1.0.0.1)
    - LTXiOSUtils/Tools/Network (= 1.0.0.1)
    - LTXiOSUtils/Tools/Utils (= 1.0.0.1)
  - LTXiOSUtils/Tools/Extensions (1.0.0.1)
  - LTXiOSUtils/Tools/Network (1.0.0.1):
    - Alamofire (= 4.9.1)
    - LTXiOSUtils/Tools/Extensions
    - LTXiOSUtils/Tools/Utils
    - Moya (= 13.0.1)
    - SwiftyJSON (= 5.0.0)
  - LTXiOSUtils/Tools/Utils (1.0.0.1):
    - MBProgressHUD (= 1.1.0)
  - LTXiOSUtils/ViewControllers (1.0.0.1):
    - LTXiOSUtils/Constants
    - SnapKit (= 5.0.1)
  - LTXiOSUtils/Views (1.0.0.1):
    - LTXiOSUtils/Tools/Extensions
    - SnapKit (= 5.0.1)
  - MBProgressHUD (1.1.0)
  - Moya (13.0.1):
    - Moya/Core (= 13.0.1)
  - Moya/Core (13.0.1):
    - Alamofire (~> 4.1)
    - Result (~> 4.1)
  - QorumLogs (0.9)
  - R.swift (5.1.0):
    - R.swift.Library (~> 5.1.0)
  - R.swift.Library (5.1.0)
  - Result (4.1.0)
  - SnapKit (5.0.1)
  - SwiftDate (6.1.0)
  - SwifterSwift (5.1.0):
    - SwifterSwift/AppKit (= 5.1.0)
    - SwifterSwift/CoreGraphics (= 5.1.0)
    - SwifterSwift/CoreLocation (= 5.1.0)
    - SwifterSwift/Dispatch (= 5.1.0)
    - SwifterSwift/Foundation (= 5.1.0)
    - SwifterSwift/MapKit (= 5.1.0)
    - SwifterSwift/SceneKit (= 5.1.0)
    - SwifterSwift/SpriteKit (= 5.1.0)
    - SwifterSwift/SwiftStdlib (= 5.1.0)
    - SwifterSwift/UIKit (= 5.1.0)
  - SwifterSwift/AppKit (5.1.0)
  - SwifterSwift/CoreGraphics (5.1.0)
  - SwifterSwift/CoreLocation (5.1.0)
  - SwifterSwift/Dispatch (5.1.0)
  - SwifterSwift/Foundation (5.1.0)
  - SwifterSwift/MapKit (5.1.0)
  - SwifterSwift/SceneKit (5.1.0)
  - SwifterSwift/SpriteKit (5.1.0)
  - SwifterSwift/SwiftStdlib (5.1.0)
  - SwifterSwift/UIKit (5.1.0)
  - SwiftLint (0.38.0)
  - SwiftyJSON (5.0.0)
  - SwiftyUserDefaults (4.0.0)
  - "UITableView+FDTemplateLayoutCell (1.6)"
  - "UITextView+Placeholder (1.3.3)"
  - ZYCornerRadius (1.0.2)

DEPENDENCIES:
  - BRPickerView
  - IQKeyboardManagerSwift
  - Kingfisher
  - LTXiOSUtils (from `../`)
  - QorumLogs (= 0.9)
  - R.swift
  - SwiftDate (= 6.1.0)
  - SwifterSwift
  - SwiftLint
  - SwiftyUserDefaults
  - "UITableView+FDTemplateLayoutCell"
  - "UITextView+Placeholder"
  - ZYCornerRadius

SPEC REPOS:
  https://github.com/CocoaPods/Specs.git:
    - Alamofire
    - BRPickerView
    - IQKeyboardManagerSwift
    - Kingfisher
    - MBProgressHUD
    - Moya
    - QorumLogs
    - R.swift
    - R.swift.Library
    - Result
    - SnapKit
    - SwiftDate
    - SwifterSwift
    - SwiftLint
    - SwiftyJSON
    - SwiftyUserDefaults
    - "UITableView+FDTemplateLayoutCell"
    - "UITextView+Placeholder"
    - ZYCornerRadius

EXTERNAL SOURCES:
  LTXiOSUtils:
    :path: "../"

SPEC CHECKSUMS:
  Alamofire: 85e8a02c69d6020a0d734f6054870d7ecb75cf18
  BRPickerView: 0bd32f1fc4e338ecf6643b5e82f7a7c77db68cbe
  IQKeyboardManagerSwift: 2dde0fc70110e8eac7ccce2a46fdbec6a850b414
  Kingfisher: dc6e0f53bb5b12c3e75bedb0e01bbd7a640eea69
  LTXiOSUtils: 6d32e1afdac4d6e85e3d26133480aafa4fae16c2
  MBProgressHUD: e7baa36a220447d8aeb12769bf0585582f3866d9
  Moya: f4a4b80ff2f8a4ffc208dfb31cd91636622fee6e
  QorumLogs: 9a484df6973a3697ac79fe2273140fde6b36dccc
  R.swift: 8cbc4fc69b740305b6a17c8a8ed968eb788962d9
  R.swift.Library: fa85ce1e0d0b7e818cd9e080df910ba54d2776cc
  Result: bd966fac789cc6c1563440b348ab2598cc24d5c7
  SnapKit: 97b92857e3df3a0c71833cce143274bf6ef8e5eb
  SwiftDate: fa2bb3962056bb44047b4b85a30044e5eae30b03
  SwifterSwift: a9e8e144832638c2850b43da5feaf9598c6ad65b
  SwiftLint: 4105f061f9812b214568b736dab580ab2c73a582
  SwiftyJSON: 36413e04c44ee145039d332b4f4e2d3e8d6c4db7
  SwiftyUserDefaults: 6a1951df1daa19337862b677dd9a4b9bd4c288cd
  "UITableView+FDTemplateLayoutCell": 5c949b4a5059c404b442926c0e80f81d10a2d66f
  "UITextView+Placeholder": c407b27599ea23cca425946fee3cf1db5d547008
  ZYCornerRadius: f0af817be7805b5c63d793042ca7a03f81e14069

PODFILE CHECKSUM: 9eb779dda403657a2c5e2bc23c71f54c0b14cb83

COCOAPODS: 1.8.4
