// !$*UTF8*$!
{
	archiveVersion = 1;
	classes = {
	};
	objectVersion = 54;
	objects = {

/* Begin PBXBuildFile section */
		2D12FB4E28A746F6002BEE4B /* ClickableLabelDemoViewController.swift in Sources */ = {isa = PBXBuildFile; fileRef = 2D12FB4D28A746F6002BEE4B /* ClickableLabelDemoViewController.swift */; };
		2D65D3C926CF6B9E007D0254 /* LibExport.swift in Sources */ = {isa = PBXBuildFile; fileRef = 2D65D3C826CF6B9E007D0254 /* LibExport.swift */; };
		2D717B5526C1664000483384 /* AppDelegate.swift in Sources */ = {isa = PBXBuildFile; fileRef = 2D717B5426C1664000483384 /* AppDelegate.swift */; };
		2D717B5926C1664000483384 /* ViewController.swift in Sources */ = {isa = PBXBuildFile; fileRef = 2D717B5826C1664000483384 /* ViewController.swift */; };
		2D717B5E26C1664A00483384 /* Assets.xcassets in Resources */ = {isa = PBXBuildFile; fileRef = 2D717B5D26C1664A00483384 /* Assets.xcassets */; };
		2D885B5D28E0284300F1608F /* LockUtils.swift in Sources */ = {isa = PBXBuildFile; fileRef = 2D885B5C28E0284300F1608F /* LockUtils.swift */; };
		2D9454D227CFCB7200D71BD3 /* PropertyWrapper.swift in Sources */ = {isa = PBXBuildFile; fileRef = 2D9454D127CFCB7200D71BD3 /* PropertyWrapper.swift */; };
		2DAA827327E4A50100CB7F03 /* BaseViewController.swift in Sources */ = {isa = PBXBuildFile; fileRef = 2DAA827227E4A50100CB7F03 /* BaseViewController.swift */; };
		2DBB624E26E333B700C87475 /* LaunchScreen.storyboard in Resources */ = {isa = PBXBuildFile; fileRef = 2DBB624D26E333B700C87475 /* LaunchScreen.storyboard */; };
		2DC6F52928E335C200834B6B /* LaunchImageUtils.swift in Sources */ = {isa = PBXBuildFile; fileRef = 2DC6F52828E335C200834B6B /* LaunchImageUtils.swift */; };
		2DE71EBC27ABC81300309E24 /* SwiftDemangle.swift in Sources */ = {isa = PBXBuildFile; fileRef = 2DE71EBB27ABC81300309E24 /* SwiftDemangle.swift */; };
		E20E5B4C55138D74098C5F20 /* libPods-LTXiOSUtilsDemo.a in Frameworks */ = {isa = PBXBuildFile; fileRef = 26706580C142E61B3680F4B8 /* libPods-LTXiOSUtilsDemo.a */; };
/* End PBXBuildFile section */

/* Begin PBXFileReference section */
		26706580C142E61B3680F4B8 /* libPods-LTXiOSUtilsDemo.a */ = {isa = PBXFileReference; explicitFileType = archive.ar; includeInIndex = 0; path = "libPods-LTXiOSUtilsDemo.a"; sourceTree = BUILT_PRODUCTS_DIR; };
		2D12FB4D28A746F6002BEE4B /* ClickableLabelDemoViewController.swift */ = {isa = PBXFileReference; lastKnownFileType = sourcecode.swift; path = ClickableLabelDemoViewController.swift; sourceTree = "<group>"; };
		2D65D3C826CF6B9E007D0254 /* LibExport.swift */ = {isa = PBXFileReference; lastKnownFileType = sourcecode.swift; path = LibExport.swift; sourceTree = "<group>"; };
		2D717B5126C1664000483384 /* LTXiOSUtilsDemo.app */ = {isa = PBXFileReference; explicitFileType = wrapper.application; includeInIndex = 0; path = LTXiOSUtilsDemo.app; sourceTree = BUILT_PRODUCTS_DIR; };
		2D717B5426C1664000483384 /* AppDelegate.swift */ = {isa = PBXFileReference; lastKnownFileType = sourcecode.swift; path = AppDelegate.swift; sourceTree = "<group>"; };
		2D717B5826C1664000483384 /* ViewController.swift */ = {isa = PBXFileReference; lastKnownFileType = sourcecode.swift; path = ViewController.swift; sourceTree = "<group>"; };
		2D717B5D26C1664A00483384 /* Assets.xcassets */ = {isa = PBXFileReference; lastKnownFileType = folder.assetcatalog; path = Assets.xcassets; sourceTree = "<group>"; };
		2D717B6226C1664A00483384 /* Info.plist */ = {isa = PBXFileReference; lastKnownFileType = text.plist.xml; path = Info.plist; sourceTree = "<group>"; };
		2D885B5C28E0284300F1608F /* LockUtils.swift */ = {isa = PBXFileReference; lastKnownFileType = sourcecode.swift; path = LockUtils.swift; sourceTree = "<group>"; };
		2D9454D127CFCB7200D71BD3 /* PropertyWrapper.swift */ = {isa = PBXFileReference; lastKnownFileType = sourcecode.swift; path = PropertyWrapper.swift; sourceTree = "<group>"; };
		2DAA827227E4A50100CB7F03 /* BaseViewController.swift */ = {isa = PBXFileReference; lastKnownFileType = sourcecode.swift; path = BaseViewController.swift; sourceTree = "<group>"; };
		2DBB624D26E333B700C87475 /* LaunchScreen.storyboard */ = {isa = PBXFileReference; fileEncoding = 4; lastKnownFileType = file.storyboard; path = LaunchScreen.storyboard; sourceTree = "<group>"; };
		2DC6F52828E335C200834B6B /* LaunchImageUtils.swift */ = {isa = PBXFileReference; lastKnownFileType = sourcecode.swift; path = LaunchImageUtils.swift; sourceTree = "<group>"; };
		2DE71EBB27ABC81300309E24 /* SwiftDemangle.swift */ = {isa = PBXFileReference; lastKnownFileType = sourcecode.swift; path = SwiftDemangle.swift; sourceTree = "<group>"; };
		50BEB760F2BA6CF4047B54ED /* Pods-LTXiOSUtilsDemo.debug.xcconfig */ = {isa = PBXFileReference; includeInIndex = 1; lastKnownFileType = text.xcconfig; name = "Pods-LTXiOSUtilsDemo.debug.xcconfig"; path = "Target Support Files/Pods-LTXiOSUtilsDemo/Pods-LTXiOSUtilsDemo.debug.xcconfig"; sourceTree = "<group>"; };
		6087D293740FC52D9A19863D /* Pods-LTXiOSUtilsDemo.release.xcconfig */ = {isa = PBXFileReference; includeInIndex = 1; lastKnownFileType = text.xcconfig; name = "Pods-LTXiOSUtilsDemo.release.xcconfig"; path = "Target Support Files/Pods-LTXiOSUtilsDemo/Pods-LTXiOSUtilsDemo.release.xcconfig"; sourceTree = "<group>"; };
/* End PBXFileReference section */

/* Begin PBXFrameworksBuildPhase section */
		2D717B4E26C1664000483384 /* Frameworks */ = {
			isa = PBXFrameworksBuildPhase;
			buildActionMask = 2147483647;
			files = (
				E20E5B4C55138D74098C5F20 /* libPods-LTXiOSUtilsDemo.a in Frameworks */,
			);
			runOnlyForDeploymentPostprocessing = 0;
		};
/* End PBXFrameworksBuildPhase section */

/* Begin PBXGroup section */
		188D9CC2AC5D0EC0CE196364 /* Frameworks */ = {
			isa = PBXGroup;
			children = (
				26706580C142E61B3680F4B8 /* libPods-LTXiOSUtilsDemo.a */,
			);
			name = Frameworks;
			sourceTree = "<group>";
		};
		2D12FB4B28A746BE002BEE4B /* View */ = {
			isa = PBXGroup;
			children = (
				2D12FB4D28A746F6002BEE4B /* ClickableLabelDemoViewController.swift */,
			);
			path = View;
			sourceTree = "<group>";
		};
		2D12FB4C28A746CD002BEE4B /* Util */ = {
			isa = PBXGroup;
			children = (
				2DE71EBB27ABC81300309E24 /* SwiftDemangle.swift */,
				2D885B5C28E0284300F1608F /* LockUtils.swift */,
				2DC6F52828E335C200834B6B /* LaunchImageUtils.swift */,
			);
			path = Util;
			sourceTree = "<group>";
		};
		2D717B4826C1664000483384 = {
			isa = PBXGroup;
			children = (
				2D717B5326C1664000483384 /* LTXiOSUtilsDemo */,
				2D717B5226C1664000483384 /* Products */,
				C8E05001D0DC788DB3D2B408 /* Pods */,
				188D9CC2AC5D0EC0CE196364 /* Frameworks */,
			);
			sourceTree = "<group>";
		};
		2D717B5226C1664000483384 /* Products */ = {
			isa = PBXGroup;
			children = (
				2D717B5126C1664000483384 /* LTXiOSUtilsDemo.app */,
			);
			name = Products;
			sourceTree = "<group>";
		};
		2D717B5326C1664000483384 /* LTXiOSUtilsDemo */ = {
			isa = PBXGroup;
			children = (
				2D12FB4C28A746CD002BEE4B /* Util */,
				2D9454E427D23C6C00D71BD3 /* Demo */,
				2D9454D027CFCB5D00D71BD3 /* Model */,
				2DBB625026E333E800C87475 /* Resources */,
				2D717B5426C1664000483384 /* AppDelegate.swift */,
				2D717B5826C1664000483384 /* ViewController.swift */,
				2DAA827227E4A50100CB7F03 /* BaseViewController.swift */,
				2D717B5D26C1664A00483384 /* Assets.xcassets */,
				2D717B6226C1664A00483384 /* Info.plist */,
				2D65D3C826CF6B9E007D0254 /* LibExport.swift */,
			);
			path = LTXiOSUtilsDemo;
			sourceTree = "<group>";
		};
		2D9454D027CFCB5D00D71BD3 /* Model */ = {
			isa = PBXGroup;
			children = (
				2D9454D127CFCB7200D71BD3 /* PropertyWrapper.swift */,
			);
			path = Model;
			sourceTree = "<group>";
		};
		2D9454E427D23C6C00D71BD3 /* Demo */ = {
			isa = PBXGroup;
			children = (
				2D12FB4B28A746BE002BEE4B /* View */,
			);
			path = Demo;
			sourceTree = "<group>";
		};
		2DBB625026E333E800C87475 /* Resources */ = {
			isa = PBXGroup;
			children = (
				2DBB624D26E333B700C87475 /* LaunchScreen.storyboard */,
			);
			path = Resources;
			sourceTree = "<group>";
		};
		C8E05001D0DC788DB3D2B408 /* Pods */ = {
			isa = PBXGroup;
			children = (
				50BEB760F2BA6CF4047B54ED /* Pods-LTXiOSUtilsDemo.debug.xcconfig */,
				6087D293740FC52D9A19863D /* Pods-LTXiOSUtilsDemo.release.xcconfig */,
			);
			path = Pods;
			sourceTree = "<group>";
		};
/* End PBXGroup section */

/* Begin PBXNativeTarget section */
		2D717B5026C1664000483384 /* LTXiOSUtilsDemo */ = {
			isa = PBXNativeTarget;
			buildConfigurationList = 2D717B6526C1664A00483384 /* Build configuration list for PBXNativeTarget "LTXiOSUtilsDemo" */;
			buildPhases = (
				B1EAFE5ED9E8386D97526C60 /* [CP] Check Pods Manifest.lock */,
				2D717B4D26C1664000483384 /* Sources */,
				2D717B4E26C1664000483384 /* Frameworks */,
				2D717B4F26C1664000483384 /* Resources */,
				2DAD43B82724652B00A5F711 /* GitHooks */,
				2DE2439526C17C6100F87CA7 /* SwiftFormat */,
				2DBB624A26E3334900C87475 /* Update LaunchScreen APP Version */,
				7CAEBA0C7BA5D24FEA809B6C /* [CP] Copy Pods Resources */,
			);
			buildRules = (
			);
			dependencies = (
			);
			name = LTXiOSUtilsDemo;
			productName = LTXiOSUtilsDemo;
			productReference = 2D717B5126C1664000483384 /* LTXiOSUtilsDemo.app */;
			productType = "com.apple.product-type.application";
		};
/* End PBXNativeTarget section */

/* Begin PBXProject section */
		2D717B4926C1664000483384 /* Project object */ = {
			isa = PBXProject;
			attributes = {
				LastSwiftUpdateCheck = 1240;
				LastUpgradeCheck = 1300;
				TargetAttributes = {
					2D717B5026C1664000483384 = {
						CreatedOnToolsVersion = 12.4;
					};
				};
			};
			buildConfigurationList = 2D717B4C26C1664000483384 /* Build configuration list for PBXProject "LTXiOSUtilsDemo" */;
			compatibilityVersion = "Xcode 9.3";
			developmentRegion = en;
			hasScannedForEncodings = 0;
			knownRegions = (
				en,
				Base,
			);
			mainGroup = 2D717B4826C1664000483384;
			productRefGroup = 2D717B5226C1664000483384 /* Products */;
			projectDirPath = "";
			projectRoot = "";
			targets = (
				2D717B5026C1664000483384 /* LTXiOSUtilsDemo */,
			);
		};
/* End PBXProject section */

/* Begin PBXResourcesBuildPhase section */
		2D717B4F26C1664000483384 /* Resources */ = {
			isa = PBXResourcesBuildPhase;
			buildActionMask = 2147483647;
			files = (
				2D717B5E26C1664A00483384 /* Assets.xcassets in Resources */,
				2DBB624E26E333B700C87475 /* LaunchScreen.storyboard in Resources */,
			);
			runOnlyForDeploymentPostprocessing = 0;
		};
/* End PBXResourcesBuildPhase section */

/* Begin PBXShellScriptBuildPhase section */
		2DAD43B82724652B00A5F711 /* GitHooks */ = {
			isa = PBXShellScriptBuildPhase;
			alwaysOutOfDate = 1;
			buildActionMask = 2147483647;
			files = (
			);
			inputFileListPaths = (
			);
			inputPaths = (
			);
			name = GitHooks;
			outputFileListPaths = (
			);
			outputPaths = (
			);
			runOnlyForDeploymentPostprocessing = 0;
			shellPath = /bin/sh;
			shellScript = "RESULT=$(git rev-parse --is-inside-work-tree 2>&1)\nif [ \"${RESULT}\" = \"true\" ]; then\n    git config core.hooksPath .githooks\nfi\n";
		};
		2DBB624A26E3334900C87475 /* Update LaunchScreen APP Version */ = {
			isa = PBXShellScriptBuildPhase;
			alwaysOutOfDate = 1;
			buildActionMask = 2147483647;
			files = (
			);
			inputFileListPaths = (
			);
			inputPaths = (
			);
			name = "Update LaunchScreen APP Version";
			outputFileListPaths = (
			);
			outputPaths = (
			);
			runOnlyForDeploymentPostprocessing = 0;
			shellPath = /bin/sh;
			shellScript = "version=${MARKETING_VERSION}\nsed -i bak -e \"/userLabel=\\\"AppVersion\\\"/s/text=\\\"[^\\\"]*\\\"/text=\\\"版本号:$version\\\"/\" $PROJECT_DIR/$PROJECT_NAME/Resources/LaunchScreen.storyboard\n";
		};
		2DE2439526C17C6100F87CA7 /* SwiftFormat */ = {
			isa = PBXShellScriptBuildPhase;
			alwaysOutOfDate = 1;
			buildActionMask = 2147483647;
			files = (
			);
			inputFileListPaths = (
			);
			inputPaths = (
			);
			name = SwiftFormat;
			outputFileListPaths = (
			);
			outputPaths = (
			);
			runOnlyForDeploymentPostprocessing = 0;
			shellPath = /bin/sh;
			shellScript = "PATH=$(dirname ${SRCROOT})\n\"${PODS_ROOT}/SwiftFormat/CommandLineTool/swiftformat\" \"$PATH\"\n";
		};
		7CAEBA0C7BA5D24FEA809B6C /* [CP] Copy Pods Resources */ = {
			isa = PBXShellScriptBuildPhase;
			buildActionMask = 2147483647;
			files = (
			);
			inputFileListPaths = (
				"${PODS_ROOT}/Target Support Files/Pods-LTXiOSUtilsDemo/Pods-LTXiOSUtilsDemo-resources-${CONFIGURATION}-input-files.xcfilelist",
			);
			name = "[CP] Copy Pods Resources";
			outputFileListPaths = (
				"${PODS_ROOT}/Target Support Files/Pods-LTXiOSUtilsDemo/Pods-LTXiOSUtilsDemo-resources-${CONFIGURATION}-output-files.xcfilelist",
			);
			runOnlyForDeploymentPostprocessing = 0;
			shellPath = /bin/sh;
			shellScript = "\"${PODS_ROOT}/Target Support Files/Pods-LTXiOSUtilsDemo/Pods-LTXiOSUtilsDemo-resources.sh\"\n";
			showEnvVarsInLog = 0;
		};
		B1EAFE5ED9E8386D97526C60 /* [CP] Check Pods Manifest.lock */ = {
			isa = PBXShellScriptBuildPhase;
			buildActionMask = 2147483647;
			files = (
			);
			inputFileListPaths = (
			);
			inputPaths = (
				"${PODS_PODFILE_DIR_PATH}/Podfile.lock",
				"${PODS_ROOT}/Manifest.lock",
			);
			name = "[CP] Check Pods Manifest.lock";
			outputFileListPaths = (
			);
			outputPaths = (
				"$(DERIVED_FILE_DIR)/Pods-LTXiOSUtilsDemo-checkManifestLockResult.txt",
			);
			runOnlyForDeploymentPostprocessing = 0;
			shellPath = /bin/sh;
			shellScript = "diff \"${PODS_PODFILE_DIR_PATH}/Podfile.lock\" \"${PODS_ROOT}/Manifest.lock\" > /dev/null\nif [ $? != 0 ] ; then\n    # print error to STDERR\n    echo \"error: The sandbox is not in sync with the Podfile.lock. Run 'pod install' or update your CocoaPods installation.\" >&2\n    exit 1\nfi\n# This output is used by Xcode 'outputs' to avoid re-running this script phase.\necho \"SUCCESS\" > \"${SCRIPT_OUTPUT_FILE_0}\"\n";
			showEnvVarsInLog = 0;
		};
/* End PBXShellScriptBuildPhase section */

/* Begin PBXSourcesBuildPhase section */
		2D717B4D26C1664000483384 /* Sources */ = {
			isa = PBXSourcesBuildPhase;
			buildActionMask = 2147483647;
			files = (
				2DE71EBC27ABC81300309E24 /* SwiftDemangle.swift in Sources */,
				2D9454D227CFCB7200D71BD3 /* PropertyWrapper.swift in Sources */,
				2D717B5926C1664000483384 /* ViewController.swift in Sources */,
				2DAA827327E4A50100CB7F03 /* BaseViewController.swift in Sources */,
				2D885B5D28E0284300F1608F /* LockUtils.swift in Sources */,
				2DC6F52928E335C200834B6B /* LaunchImageUtils.swift in Sources */,
				2D717B5526C1664000483384 /* AppDelegate.swift in Sources */,
				2D65D3C926CF6B9E007D0254 /* LibExport.swift in Sources */,
				2D12FB4E28A746F6002BEE4B /* ClickableLabelDemoViewController.swift in Sources */,
			);
			runOnlyForDeploymentPostprocessing = 0;
		};
/* End PBXSourcesBuildPhase section */

/* Begin XCBuildConfiguration section */
		2D717B6326C1664A00483384 /* Debug */ = {
			isa = XCBuildConfiguration;
			buildSettings = {
				ALWAYS_SEARCH_USER_PATHS = NO;
				CLANG_ANALYZER_NONNULL = YES;
				CLANG_ANALYZER_NUMBER_OBJECT_CONVERSION = YES_AGGRESSIVE;
				CLANG_CXX_LANGUAGE_STANDARD = "gnu++14";
				CLANG_CXX_LIBRARY = "libc++";
				CLANG_ENABLE_MODULES = YES;
				CLANG_ENABLE_OBJC_ARC = YES;
				CLANG_ENABLE_OBJC_WEAK = YES;
				CLANG_WARN_BLOCK_CAPTURE_AUTORELEASING = YES;
				CLANG_WARN_BOOL_CONVERSION = YES;
				CLANG_WARN_COMMA = YES;
				CLANG_WARN_CONSTANT_CONVERSION = YES;
				CLANG_WARN_DEPRECATED_OBJC_IMPLEMENTATIONS = YES;
				CLANG_WARN_DIRECT_OBJC_ISA_USAGE = YES_ERROR;
				CLANG_WARN_DOCUMENTATION_COMMENTS = YES;
				CLANG_WARN_EMPTY_BODY = YES;
				CLANG_WARN_ENUM_CONVERSION = YES;
				CLANG_WARN_INFINITE_RECURSION = YES;
				CLANG_WARN_INT_CONVERSION = YES;
				CLANG_WARN_NON_LITERAL_NULL_CONVERSION = YES;
				CLANG_WARN_OBJC_IMPLICIT_RETAIN_SELF = YES;
				CLANG_WARN_OBJC_LITERAL_CONVERSION = YES;
				CLANG_WARN_OBJC_ROOT_CLASS = YES_ERROR;
				CLANG_WARN_QUOTED_INCLUDE_IN_FRAMEWORK_HEADER = YES;
				CLANG_WARN_RANGE_LOOP_ANALYSIS = YES;
				CLANG_WARN_STRICT_PROTOTYPES = YES;
				CLANG_WARN_SUSPICIOUS_MOVE = YES;
				CLANG_WARN_UNGUARDED_AVAILABILITY = YES_AGGRESSIVE;
				CLANG_WARN_UNREACHABLE_CODE = YES;
				CLANG_WARN__DUPLICATE_METHOD_MATCH = YES;
				COPY_PHASE_STRIP = NO;
				DEBUG_INFORMATION_FORMAT = dwarf;
				ENABLE_STRICT_OBJC_MSGSEND = YES;
				ENABLE_TESTABILITY = YES;
				GCC_C_LANGUAGE_STANDARD = gnu11;
				GCC_DYNAMIC_NO_PIC = NO;
				GCC_NO_COMMON_BLOCKS = YES;
				GCC_OPTIMIZATION_LEVEL = 0;
				GCC_PREPROCESSOR_DEFINITIONS = (
					"DEBUG=1",
					"$(inherited)",
				);
				GCC_WARN_64_TO_32_BIT_CONVERSION = YES;
				GCC_WARN_ABOUT_RETURN_TYPE = YES_ERROR;
				GCC_WARN_UNDECLARED_SELECTOR = YES;
				GCC_WARN_UNINITIALIZED_AUTOS = YES_AGGRESSIVE;
				GCC_WARN_UNUSED_FUNCTION = YES;
				GCC_WARN_UNUSED_VARIABLE = YES;
				IPHONEOS_DEPLOYMENT_TARGET = 12.0;
				MTL_ENABLE_DEBUG_INFO = INCLUDE_SOURCE;
				MTL_FAST_MATH = YES;
				ONLY_ACTIVE_ARCH = YES;
				SDKROOT = iphoneos;
				SWIFT_ACTIVE_COMPILATION_CONDITIONS = DEBUG;
				SWIFT_OPTIMIZATION_LEVEL = "-Onone";
			};
			name = Debug;
		};
		2D717B6426C1664A00483384 /* Release */ = {
			isa = XCBuildConfiguration;
			buildSettings = {
				ALWAYS_SEARCH_USER_PATHS = NO;
				CLANG_ANALYZER_NONNULL = YES;
				CLANG_ANALYZER_NUMBER_OBJECT_CONVERSION = YES_AGGRESSIVE;
				CLANG_CXX_LANGUAGE_STANDARD = "gnu++14";
				CLANG_CXX_LIBRARY = "libc++";
				CLANG_ENABLE_MODULES = YES;
				CLANG_ENABLE_OBJC_ARC = YES;
				CLANG_ENABLE_OBJC_WEAK = YES;
				CLANG_WARN_BLOCK_CAPTURE_AUTORELEASING = YES;
				CLANG_WARN_BOOL_CONVERSION = YES;
				CLANG_WARN_COMMA = YES;
				CLANG_WARN_CONSTANT_CONVERSION = YES;
				CLANG_WARN_DEPRECATED_OBJC_IMPLEMENTATIONS = YES;
				CLANG_WARN_DIRECT_OBJC_ISA_USAGE = YES_ERROR;
				CLANG_WARN_DOCUMENTATION_COMMENTS = YES;
				CLANG_WARN_EMPTY_BODY = YES;
				CLANG_WARN_ENUM_CONVERSION = YES;
				CLANG_WARN_INFINITE_RECURSION = YES;
				CLANG_WARN_INT_CONVERSION = YES;
				CLANG_WARN_NON_LITERAL_NULL_CONVERSION = YES;
				CLANG_WARN_OBJC_IMPLICIT_RETAIN_SELF = YES;
				CLANG_WARN_OBJC_LITERAL_CONVERSION = YES;
				CLANG_WARN_OBJC_ROOT_CLASS = YES_ERROR;
				CLANG_WARN_QUOTED_INCLUDE_IN_FRAMEWORK_HEADER = YES;
				CLANG_WARN_RANGE_LOOP_ANALYSIS = YES;
				CLANG_WARN_STRICT_PROTOTYPES = YES;
				CLANG_WARN_SUSPICIOUS_MOVE = YES;
				CLANG_WARN_UNGUARDED_AVAILABILITY = YES_AGGRESSIVE;
				CLANG_WARN_UNREACHABLE_CODE = YES;
				CLANG_WARN__DUPLICATE_METHOD_MATCH = YES;
				COPY_PHASE_STRIP = NO;
				DEBUG_INFORMATION_FORMAT = "dwarf-with-dsym";
				ENABLE_NS_ASSERTIONS = NO;
				ENABLE_STRICT_OBJC_MSGSEND = YES;
				GCC_C_LANGUAGE_STANDARD = gnu11;
				GCC_NO_COMMON_BLOCKS = YES;
				GCC_WARN_64_TO_32_BIT_CONVERSION = YES;
				GCC_WARN_ABOUT_RETURN_TYPE = YES_ERROR;
				GCC_WARN_UNDECLARED_SELECTOR = YES;
				GCC_WARN_UNINITIALIZED_AUTOS = YES_AGGRESSIVE;
				GCC_WARN_UNUSED_FUNCTION = YES;
				GCC_WARN_UNUSED_VARIABLE = YES;
				IPHONEOS_DEPLOYMENT_TARGET = 12.0;
				MTL_ENABLE_DEBUG_INFO = NO;
				MTL_FAST_MATH = YES;
				SDKROOT = iphoneos;
				SWIFT_COMPILATION_MODE = wholemodule;
				SWIFT_OPTIMIZATION_LEVEL = "-O";
				VALIDATE_PRODUCT = YES;
			};
			name = Release;
		};
		2D717B6626C1664A00483384 /* Debug */ = {
			isa = XCBuildConfiguration;
			baseConfigurationReference = 50BEB760F2BA6CF4047B54ED /* Pods-LTXiOSUtilsDemo.debug.xcconfig */;
			buildSettings = {
				ASSETCATALOG_COMPILER_APPICON_NAME = AppIcon;
				ASSETCATALOG_COMPILER_GLOBAL_ACCENT_COLOR_NAME = AccentColor;
				CLANG_USE_OPTIMIZATION_PROFILE = YES;
				CODE_SIGN_STYLE = Automatic;
				DEVELOPMENT_TEAM = SJ7JKKYH4C;
				EAGER_LINKING = YES;
				"EXCLUDED_ARCHS[sdk=iphonesimulator*]" = arm64;
				FUSE_BUILD_SCRIPT_PHASES = YES;
				INFOPLIST_FILE = LTXiOSUtilsDemo/Info.plist;
				IPHONEOS_DEPLOYMENT_TARGET = 12.0;
				LD_RUNPATH_SEARCH_PATHS = (
					"$(inherited)",
					"@executable_path/Frameworks",
				);
				MARKETING_VERSION = 1.0.0;
				PRODUCT_BUNDLE_IDENTIFIER = com.coderstar.LTXiOSUtilsDemo;
				PRODUCT_NAME = "$(TARGET_NAME)";
				SWIFT_VERSION = 5.0;
				TARGETED_DEVICE_FAMILY = "1,2";
			};
			name = Debug;
		};
		2D717B6726C1664A00483384 /* Release */ = {
			isa = XCBuildConfiguration;
			baseConfigurationReference = 6087D293740FC52D9A19863D /* Pods-LTXiOSUtilsDemo.release.xcconfig */;
			buildSettings = {
				ASSETCATALOG_COMPILER_APPICON_NAME = AppIcon;
				ASSETCATALOG_COMPILER_GLOBAL_ACCENT_COLOR_NAME = AccentColor;
				CLANG_USE_OPTIMIZATION_PROFILE = YES;
				CODE_SIGN_STYLE = Automatic;
				DEVELOPMENT_TEAM = SJ7JKKYH4C;
				EAGER_LINKING = YES;
				FUSE_BUILD_SCRIPT_PHASES = YES;
				INFOPLIST_FILE = LTXiOSUtilsDemo/Info.plist;
				IPHONEOS_DEPLOYMENT_TARGET = 12.0;
				LD_RUNPATH_SEARCH_PATHS = (
					"$(inherited)",
					"@executable_path/Frameworks",
				);
				MARKETING_VERSION = 1.0.0;
				PRODUCT_BUNDLE_IDENTIFIER = com.coderstar.LTXiOSUtilsDemo;
				PRODUCT_NAME = "$(TARGET_NAME)";
				SWIFT_VERSION = 5.0;
				TARGETED_DEVICE_FAMILY = "1,2";
			};
			name = Release;
		};
/* End XCBuildConfiguration section */

/* Begin XCConfigurationList section */
		2D717B4C26C1664000483384 /* Build configuration list for PBXProject "LTXiOSUtilsDemo" */ = {
			isa = XCConfigurationList;
			buildConfigurations = (
				2D717B6326C1664A00483384 /* Debug */,
				2D717B6426C1664A00483384 /* Release */,
			);
			defaultConfigurationIsVisible = 0;
			defaultConfigurationName = Release;
		};
		2D717B6526C1664A00483384 /* Build configuration list for PBXNativeTarget "LTXiOSUtilsDemo" */ = {
			isa = XCConfigurationList;
			buildConfigurations = (
				2D717B6626C1664A00483384 /* Debug */,
				2D717B6726C1664A00483384 /* Release */,
			);
			defaultConfigurationIsVisible = 0;
			defaultConfigurationName = Release;
		};
/* End XCConfigurationList section */
	};
	rootObject = 2D717B4926C1664000483384 /* Project object */;
}
